
Microsoft Visual Studio Solution File, Format Version 12.00
# Visual Studio Version 17
VisualStudioVersion = 17.5.002.0
MinimumVisualStudioVersion = 10.0.40219.1
Project("{9A19103F-16F7-4668-BE54-9A1E7A4F7556}") = "Jellyfin.Plugin.MixFollower", "Jellyfin.Plugin.MixFollower\Jellyfin.Plugin.MixFollower.csproj", "{044CBE7D-AF2A-4F36-B455-1C1950745263}"
EndProject
Global
	GlobalSection(SolutionConfigurationPlatforms) = preSolution
		Debug|Any CPU = Debug|Any CPU
		Release|Any CPU = Release|Any CPU
	EndGlobalSection
	GlobalSection(ProjectConfigurationPlatforms) = postSolution
		{044CBE7D-AF2A-4F36-B455-1C1950745263}.Debug|Any CPU.ActiveCfg = Debug|Any CPU
		{044CBE7D-AF2A-4F36-B455-1C1950745263}.Debug|Any CPU.Build.0 = Debug|Any CPU
		{044CBE7D-AF2A-4F36-B455-1C1950745263}.Release|Any CPU.ActiveCfg = Release|Any CPU
		{044CBE7D-AF2A-4F36-B455-1C1950745263}.Release|Any CPU.Build.0 = Release|Any CPU
	EndGlobalSection
	GlobalSection(SolutionProperties) = preSolution
		HideSolutionNode = FALSE
	EndGlobalSection
	GlobalSection(ExtensibilityGlobals) = postSolution
		SolutionGuid = {12702C19-96A2-4F0E-94D7-53BBE0D5E434}
	EndGlobalSection
EndGlobal
